
Microsoft Visual Studio Solution File, Format Version 12.00
# Visual Studio Version 17
VisualStudioVersion = 17.9.34701.34
MinimumVisualStudioVersion = 10.0.40219.1
Project("{FAE04EC0-301F-11D3-BF4B-00C04F79EFBC}") = "BulkyWeb", "BulkyWeb\BulkyWeb.csproj", "{A59E0714-54CD-46A6-B8EC-C0B245BBE87E}"
EndProject
Global
	GlobalSection(SolutionConfigurationPlatforms) = preSolution
		Debug|Any CPU = Debug|Any CPU
		Release|Any CPU = Release|Any CPU
	EndGlobalSection
	GlobalSection(ProjectConfigurationPlatforms) = postSolution
		{A59E0714-54CD-46A6-B8EC-C0B245BBE87E}.Debug|Any CPU.ActiveCfg = Debug|Any CPU
		{A59E0714-54CD-46A6-B8EC-C0B245BBE87E}.Debug|Any CPU.Build.0 = Debug|Any CPU
		{A59E0714-54CD-46A6-B8EC-C0B245BBE87E}.Release|Any CPU.ActiveCfg = Release|Any CPU
		{A59E0714-54CD-46A6-B8EC-C0B245BBE87E}.Release|Any CPU.Build.0 = Release|Any CPU
	EndGlobalSection
	GlobalSection(SolutionProperties) = preSolution
		HideSolutionNode = FALSE
	EndGlobalSection
	GlobalSection(ExtensibilityGlobals) = postSolution
		SolutionGuid = {870DF55D-7D90-418B-BD40-357A4DDFBCAD}
	EndGlobalSection
EndGlobal
